
Microsoft Visual Studio Solution File, Format Version 12.00
# Visual Studio Version 17
VisualStudioVersion = 17.11.35327.3
MinimumVisualStudioVersion = 10.0.40219.1
Project("{9A19103F-16F7-4668-BE54-9A1E7A4F7556}") = "logic-vvihbnryoetdu", "logic-vvihbnryoetdu.csproj", "{AB6C68C6-856F-4D69-A41F-9ED5AE748B92}"
EndProject
Global
	GlobalSection(SolutionConfigurationPlatforms) = preSolution
		Debug|Any CPU = Debug|Any CPU
		Release|Any CPU = Release|Any CPU
	EndGlobalSection
	GlobalSection(ProjectConfigurationPlatforms) = postSolution
		{AB6C68C6-856F-4D69-A41F-9ED5AE748B92}.Debug|Any CPU.ActiveCfg = Debug|Any CPU
		{AB6C68C6-856F-4D69-A41F-9ED5AE748B92}.Debug|Any CPU.Build.0 = Debug|Any CPU
		{AB6C68C6-856F-4D69-A41F-9ED5AE748B92}.Release|Any CPU.ActiveCfg = Release|Any CPU
		{AB6C68C6-856F-4D69-A41F-9ED5AE748B92}.Release|Any CPU.Build.0 = Release|Any CPU
	EndGlobalSection
	GlobalSection(SolutionProperties) = preSolution
		HideSolutionNode = FALSE
	EndGlobalSection
	GlobalSection(ExtensibilityGlobals) = postSolution
		SolutionGuid = {B2D97B57-D8F6-481A-B9D4-B299046562E4}
	EndGlobalSection
EndGlobal
